
Microsoft Visual Studio Solution File, Format Version 12.00
# Visual Studio Version 16
VisualStudioVersion = 16.0.31613.86
MinimumVisualStudioVersion = 10.0.40219.1
Project("{9A19103F-16F7-4668-BE54-9A1E7A4F7556}") = "EPM.Backend.BLL", "EPM.Backend.BLL\EPM.Backend.BLL.csproj", "{FBF90F7B-BED4-47E0-9FCA-30EB75BB3A27}"
EndProject
Project("{FAE04EC0-301F-11D3-BF4B-00C04F79EFBC}") = "EPM.Backend.API", "EPM.Backend.API\EPM.Backend.API.csproj", "{16E300F6-09D6-4A7D-8007-EF351EBC531D}"
EndProject
Project("{2150E333-8FDC-42A3-9474-1A3956D46DE8}") = "WebLayer", "WebLayer", "{311A2E5D-7514-4AA1-AACC-E7F74ED372A6}"
EndProject
Project("{2150E333-8FDC-42A3-9474-1A3956D46DE8}") = "BusinessLayer", "BusinessLayer", "{7081DC25-1C99-4514-B2F5-A4F80CFF5925}"
EndProject
Project("{2150E333-8FDC-42A3-9474-1A3956D46DE8}") = "DataAcessLayer", "DataAcessLayer", "{46C296F8-9238-45C6-9CA2-588B8E3E4EC6}"
EndProject
Project("{FAE04EC0-301F-11D3-BF4B-00C04F79EFBC}") = "EPM.Backend.DAL", "EPM.Backend.DAL\EPM.Backend.DAL.csproj", "{A7B72C70-91AE-4D60-AE5E-F1A5D75317B5}"
EndProject
Project("{2150E333-8FDC-42A3-9474-1A3956D46DE8}") = "CommonLayer", "CommonLayer", "{82F686BA-61BB-4C87-8E34-1DF974CEEEF3}"
EndProject
Project("{FAE04EC0-301F-11D3-BF4B-00C04F79EFBC}") = "EPM.Backend.Model", "EPM.Backend.Model\EPM.Backend.Model.csproj", "{34DD94E9-E9C8-4384-BC83-59700F855C2A}"
EndProject
Global
	GlobalSection(SolutionConfigurationPlatforms) = preSolution
		Debug|Any CPU = Debug|Any CPU
		Release|Any CPU = Release|Any CPU
	EndGlobalSection
	GlobalSection(ProjectConfigurationPlatforms) = postSolution
		{FBF90F7B-BED4-47E0-9FCA-30EB75BB3A27}.Debug|Any CPU.ActiveCfg = Debug|Any CPU
		{FBF90F7B-BED4-47E0-9FCA-30EB75BB3A27}.Debug|Any CPU.Build.0 = Debug|Any CPU
		{FBF90F7B-BED4-47E0-9FCA-30EB75BB3A27}.Release|Any CPU.ActiveCfg = Release|Any CPU
		{FBF90F7B-BED4-47E0-9FCA-30EB75BB3A27}.Release|Any CPU.Build.0 = Release|Any CPU
		{16E300F6-09D6-4A7D-8007-EF351EBC531D}.Debug|Any CPU.ActiveCfg = Debug|Any CPU
		{16E300F6-09D6-4A7D-8007-EF351EBC531D}.Debug|Any CPU.Build.0 = Debug|Any CPU
		{16E300F6-09D6-4A7D-8007-EF351EBC531D}.Release|Any CPU.ActiveCfg = Release|Any CPU
		{16E300F6-09D6-4A7D-8007-EF351EBC531D}.Release|Any CPU.Build.0 = Release|Any CPU
		{A7B72C70-91AE-4D60-AE5E-F1A5D75317B5}.Debug|Any CPU.ActiveCfg = Debug|Any CPU
		{A7B72C70-91AE-4D60-AE5E-F1A5D75317B5}.Debug|Any CPU.Build.0 = Debug|Any CPU
		{A7B72C70-91AE-4D60-AE5E-F1A5D75317B5}.Release|Any CPU.ActiveCfg = Release|Any CPU
		{A7B72C70-91AE-4D60-AE5E-F1A5D75317B5}.Release|Any CPU.Build.0 = Release|Any CPU
		{34DD94E9-E9C8-4384-BC83-59700F855C2A}.Debug|Any CPU.ActiveCfg = Debug|Any CPU
		{34DD94E9-E9C8-4384-BC83-59700F855C2A}.Debug|Any CPU.Build.0 = Debug|Any CPU
		{34DD94E9-E9C8-4384-BC83-59700F855C2A}.Release|Any CPU.ActiveCfg = Release|Any CPU
		{34DD94E9-E9C8-4384-BC83-59700F855C2A}.Release|Any CPU.Build.0 = Release|Any CPU
	EndGlobalSection
	GlobalSection(SolutionProperties) = preSolution
		HideSolutionNode = FALSE
	EndGlobalSection
	GlobalSection(NestedProjects) = preSolution
		{FBF90F7B-BED4-47E0-9FCA-30EB75BB3A27} = {7081DC25-1C99-4514-B2F5-A4F80CFF5925}
		{16E300F6-09D6-4A7D-8007-EF351EBC531D} = {311A2E5D-7514-4AA1-AACC-E7F74ED372A6}
		{A7B72C70-91AE-4D60-AE5E-F1A5D75317B5} = {46C296F8-9238-45C6-9CA2-588B8E3E4EC6}
		{34DD94E9-E9C8-4384-BC83-59700F855C2A} = {82F686BA-61BB-4C87-8E34-1DF974CEEEF3}
	EndGlobalSection
	GlobalSection(ExtensibilityGlobals) = postSolution
		SolutionGuid = {99D43C54-B6FC-464B-AF9D-A79C1B8CE028}
	EndGlobalSection
EndGlobal
